
Microsoft Visual Studio Solution File, Format Version 12.00
# Visual Studio Version 17
VisualStudioVersion = 17.11.35327.3
MinimumVisualStudioVersion = 10.0.40219.1
Project("{9A19103F-16F7-4668-BE54-9A1E7A4F7556}") = "myStore", "myStore\myStore.csproj", "{AEC46EBC-74C9-4A8F-B524-17B8FB1953FD}"
EndProject
Global
	GlobalSection(SolutionConfigurationPlatforms) = preSolution
		Debug|Any CPU = Debug|Any CPU
		Release|Any CPU = Release|Any CPU
	EndGlobalSection
	GlobalSection(ProjectConfigurationPlatforms) = postSolution
		{AEC46EBC-74C9-4A8F-B524-17B8FB1953FD}.Debug|Any CPU.ActiveCfg = Debug|Any CPU
		{AEC46EBC-74C9-4A8F-B524-17B8FB1953FD}.Debug|Any CPU.Build.0 = Debug|Any CPU
		{AEC46EBC-74C9-4A8F-B524-17B8FB1953FD}.Release|Any CPU.ActiveCfg = Release|Any CPU
		{AEC46EBC-74C9-4A8F-B524-17B8FB1953FD}.Release|Any CPU.Build.0 = Release|Any CPU
	EndGlobalSection
	GlobalSection(SolutionProperties) = preSolution
		HideSolutionNode = FALSE
	EndGlobalSection
	GlobalSection(ExtensibilityGlobals) = postSolution
		SolutionGuid = {8208989B-04C0-4587-B18F-4609862B741C}
	EndGlobalSection
EndGlobal
